// !$*UTF8*$!
{
	archiveVersion = 1;
	classes = {
	};
	objectVersion = 50;
	objects = {

/* Begin PBXBuildFile section */
		EC07408F21783DAF00D8687B /* IPBianZhi.c in Sources */ = {isa = PBXBuildFile; fileRef = EC07408D21783DAF00D8687B /* IPBianZhi.c */; };
		EC0740922178417900D8687B /* socketprogram.c in Sources */ = {isa = PBXBuildFile; fileRef = EC0740902178417900D8687B /* socketprogram.c */; };
		EC7F31022176D66100BB6345 /* unixclient.c in Sources */ = {isa = PBXBuildFile; fileRef = EC7F31002176D66100BB6345 /* unixclient.c */; };
		EC7F31052176D6EC00BB6345 /* cliserv.c in Sources */ = {isa = PBXBuildFile; fileRef = EC7F31032176D6EC00BB6345 /* cliserv.c */; };
		EC7F31082176D7F800BB6345 /* err_debug.c in Sources */ = {isa = PBXBuildFile; fileRef = EC7F31062176D7F800BB6345 /* err_debug.c */; };
		EC7F310E217733BF00BB6345 /* tcpcli.c in Sources */ = {isa = PBXBuildFile; fileRef = EC7F310D217733BF00BB6345 /* tcpcli.c */; };
		EC7F31112177365300BB6345 /* tcpserv.c in Sources */ = {isa = PBXBuildFile; fileRef = EC7F310F2177365300BB6345 /* tcpserv.c */; };
		EC7F311421773F4100BB6345 /* ttcpserv.c in Sources */ = {isa = PBXBuildFile; fileRef = EC7F311221773F4100BB6345 /* ttcpserv.c */; };
		EC7F311721773F5300BB6345 /* ttcpcli.c in Sources */ = {isa = PBXBuildFile; fileRef = EC7F311521773F5300BB6345 /* ttcpcli.c */; };
		EC7F311A217744D300BB6345 /* udpcli.c in Sources */ = {isa = PBXBuildFile; fileRef = EC7F3118217744D300BB6345 /* udpcli.c */; };
		EC8FB6D22175C8B7002A9669 /* main.c in Sources */ = {isa = PBXBuildFile; fileRef = EC8FB6D12175C8B7002A9669 /* main.c */; };
		EC8FB6DD2175C8F9002A9669 /* tcp_subr.c in Sources */ = {isa = PBXBuildFile; fileRef = EC8FB6DB2175C8F9002A9669 /* tcp_subr.c */; };
		EC8FB6E02175CF1D002A9669 /* test.c in Sources */ = {isa = PBXBuildFile; fileRef = EC8FB6DE2175CF1D002A9669 /* test.c */; };
/* End PBXBuildFile section */

/* Begin PBXCopyFilesBuildPhase section */
		EC8FB6CC2175C8B7002A9669 /* CopyFiles */ = {
			isa = PBXCopyFilesBuildPhase;
			buildActionMask = 2147483647;
			dstPath = /usr/share/man/man1/;
			dstSubfolderSpec = 0;
			files = (
			);
			runOnlyForDeploymentPostprocessing = 1;
		};
/* End PBXCopyFilesBuildPhase section */

/* Begin PBXFileReference section */
		EC07408D21783DAF00D8687B /* IPBianZhi.c */ = {isa = PBXFileReference; lastKnownFileType = sourcecode.c.c; path = IPBianZhi.c; sourceTree = "<group>"; };
		EC07408E21783DAF00D8687B /* IPBianZhi.h */ = {isa = PBXFileReference; lastKnownFileType = sourcecode.c.h; path = IPBianZhi.h; sourceTree = "<group>"; };
		EC0740902178417900D8687B /* socketprogram.c */ = {isa = PBXFileReference; lastKnownFileType = sourcecode.c.c; path = socketprogram.c; sourceTree = "<group>"; };
		EC0740912178417900D8687B /* socketprogram.h */ = {isa = PBXFileReference; lastKnownFileType = sourcecode.c.h; path = socketprogram.h; sourceTree = "<group>"; };
		EC7F31002176D66100BB6345 /* unixclient.c */ = {isa = PBXFileReference; lastKnownFileType = sourcecode.c.c; path = unixclient.c; sourceTree = "<group>"; };
		EC7F31012176D66100BB6345 /* unixclient.h */ = {isa = PBXFileReference; lastKnownFileType = sourcecode.c.h; path = unixclient.h; sourceTree = "<group>"; };
		EC7F31032176D6EC00BB6345 /* cliserv.c */ = {isa = PBXFileReference; lastKnownFileType = sourcecode.c.c; path = cliserv.c; sourceTree = "<group>"; };
		EC7F31042176D6EC00BB6345 /* cliserv.h */ = {isa = PBXFileReference; lastKnownFileType = sourcecode.c.h; path = cliserv.h; sourceTree = "<group>"; };
		EC7F31062176D7F800BB6345 /* err_debug.c */ = {isa = PBXFileReference; lastKnownFileType = sourcecode.c.c; path = err_debug.c; sourceTree = "<group>"; };
		EC7F31072176D7F800BB6345 /* err_debug.h */ = {isa = PBXFileReference; lastKnownFileType = sourcecode.c.h; path = err_debug.h; sourceTree = "<group>"; };
		EC7F310C217733B200BB6345 /* tcpcli.h */ = {isa = PBXFileReference; fileEncoding = 4; lastKnownFileType = sourcecode.c.h; path = tcpcli.h; sourceTree = "<group>"; };
		EC7F310D217733BF00BB6345 /* tcpcli.c */ = {isa = PBXFileReference; fileEncoding = 4; lastKnownFileType = sourcecode.c.c; path = tcpcli.c; sourceTree = "<group>"; };
		EC7F310F2177365300BB6345 /* tcpserv.c */ = {isa = PBXFileReference; lastKnownFileType = sourcecode.c.c; path = tcpserv.c; sourceTree = "<group>"; };
		EC7F31102177365300BB6345 /* tcpserv.h */ = {isa = PBXFileReference; lastKnownFileType = sourcecode.c.h; path = tcpserv.h; sourceTree = "<group>"; };
		EC7F311221773F4100BB6345 /* ttcpserv.c */ = {isa = PBXFileReference; lastKnownFileType = sourcecode.c.c; path = ttcpserv.c; sourceTree = "<group>"; };
		EC7F311321773F4100BB6345 /* ttcpserv.h */ = {isa = PBXFileReference; lastKnownFileType = sourcecode.c.h; path = ttcpserv.h; sourceTree = "<group>"; };
		EC7F311521773F5300BB6345 /* ttcpcli.c */ = {isa = PBXFileReference; lastKnownFileType = sourcecode.c.c; path = ttcpcli.c; sourceTree = "<group>"; };
		EC7F311621773F5300BB6345 /* ttcpcli.h */ = {isa = PBXFileReference; lastKnownFileType = sourcecode.c.h; path = ttcpcli.h; sourceTree = "<group>"; };
		EC7F3118217744D300BB6345 /* udpcli.c */ = {isa = PBXFileReference; lastKnownFileType = sourcecode.c.c; path = udpcli.c; sourceTree = "<group>"; };
		EC7F3119217744D300BB6345 /* udpcli.h */ = {isa = PBXFileReference; lastKnownFileType = sourcecode.c.h; path = udpcli.h; sourceTree = "<group>"; };
		EC8FB6CE2175C8B7002A9669 /* TCPIPJUAN2 */ = {isa = PBXFileReference; explicitFileType = "compiled.mach-o.executable"; includeInIndex = 0; path = TCPIPJUAN2; sourceTree = BUILT_PRODUCTS_DIR; };
		EC8FB6D12175C8B7002A9669 /* main.c */ = {isa = PBXFileReference; lastKnownFileType = sourcecode.c.c; path = main.c; sourceTree = "<group>"; };
		EC8FB6DB2175C8F9002A9669 /* tcp_subr.c */ = {isa = PBXFileReference; lastKnownFileType = sourcecode.c.c; path = tcp_subr.c; sourceTree = "<group>"; };
		EC8FB6DC2175C8F9002A9669 /* tcp_subr.h */ = {isa = PBXFileReference; lastKnownFileType = sourcecode.c.h; path = tcp_subr.h; sourceTree = "<group>"; };
		EC8FB6DE2175CF1D002A9669 /* test.c */ = {isa = PBXFileReference; lastKnownFileType = sourcecode.c.c; path = test.c; sourceTree = "<group>"; };
		EC8FB6DF2175CF1D002A9669 /* test.h */ = {isa = PBXFileReference; lastKnownFileType = sourcecode.c.h; path = test.h; sourceTree = "<group>"; };
/* End PBXFileReference section */

/* Begin PBXFrameworksBuildPhase section */
		EC8FB6CB2175C8B7002A9669 /* Frameworks */ = {
			isa = PBXFrameworksBuildPhase;
			buildActionMask = 2147483647;
			files = (
			);
			runOnlyForDeploymentPostprocessing = 0;
		};
/* End PBXFrameworksBuildPhase section */

/* Begin PBXGroup section */
		EC8FB6C52175C8B7002A9669 = {
			isa = PBXGroup;
			children = (
				EC8FB6D02175C8B7002A9669 /* TCPIPJUAN2 */,
				EC8FB6CF2175C8B7002A9669 /* Products */,
			);
			sourceTree = "<group>";
		};
		EC8FB6CF2175C8B7002A9669 /* Products */ = {
			isa = PBXGroup;
			children = (
				EC8FB6CE2175C8B7002A9669 /* TCPIPJUAN2 */,
			);
			name = Products;
			sourceTree = "<group>";
		};
		EC8FB6D02175C8B7002A9669 /* TCPIPJUAN2 */ = {
			isa = PBXGroup;
			children = (
				EC8FB6D12175C8B7002A9669 /* main.c */,
				EC7F31002176D66100BB6345 /* unixclient.c */,
				EC7F31012176D66100BB6345 /* unixclient.h */,
				EC0740902178417900D8687B /* socketprogram.c */,
				EC0740912178417900D8687B /* socketprogram.h */,
				EC07408D21783DAF00D8687B /* IPBianZhi.c */,
				EC07408E21783DAF00D8687B /* IPBianZhi.h */,
				EC7F311521773F5300BB6345 /* ttcpcli.c */,
				EC7F311621773F5300BB6345 /* ttcpcli.h */,
				EC7F311221773F4100BB6345 /* ttcpserv.c */,
				EC7F311321773F4100BB6345 /* ttcpserv.h */,
				EC7F310F2177365300BB6345 /* tcpserv.c */,
				EC7F31102177365300BB6345 /* tcpserv.h */,
				EC7F310D217733BF00BB6345 /* tcpcli.c */,
				EC7F310C217733B200BB6345 /* tcpcli.h */,
				EC7F3118217744D300BB6345 /* udpcli.c */,
				EC7F3119217744D300BB6345 /* udpcli.h */,
				EC7F31032176D6EC00BB6345 /* cliserv.c */,
				EC7F31042176D6EC00BB6345 /* cliserv.h */,
				EC8FB6DB2175C8F9002A9669 /* tcp_subr.c */,
				EC8FB6DC2175C8F9002A9669 /* tcp_subr.h */,
				EC8FB6DE2175CF1D002A9669 /* test.c */,
				EC8FB6DF2175CF1D002A9669 /* test.h */,
				EC7F31062176D7F800BB6345 /* err_debug.c */,
				EC7F31072176D7F800BB6345 /* err_debug.h */,
			);
			path = TCPIPJUAN2;
			sourceTree = "<group>";
		};
/* End PBXGroup section */

/* Begin PBXNativeTarget section */
		EC8FB6CD2175C8B7002A9669 /* TCPIPJUAN2 */ = {
			isa = PBXNativeTarget;
			buildConfigurationList = EC8FB6D52175C8B7002A9669 /* Build configuration list for PBXNativeTarget "TCPIPJUAN2" */;
			buildPhases = (
				EC8FB6CA2175C8B7002A9669 /* Sources */,
				EC8FB6CB2175C8B7002A9669 /* Frameworks */,
				EC8FB6CC2175C8B7002A9669 /* CopyFiles */,
			);
			buildRules = (
			);
			dependencies = (
			);
			name = TCPIPJUAN2;
			productName = TCPIPJUAN2;
			productReference = EC8FB6CE2175C8B7002A9669 /* TCPIPJUAN2 */;
			productType = "com.apple.product-type.tool";
		};
/* End PBXNativeTarget section */

/* Begin PBXProject section */
		EC8FB6C62175C8B7002A9669 /* Project object */ = {
			isa = PBXProject;
			attributes = {
				LastUpgradeCheck = 1000;
				ORGANIZATIONNAME = admindyn;
				TargetAttributes = {
					EC8FB6CD2175C8B7002A9669 = {
						CreatedOnToolsVersion = 10.0;
					};
				};
			};
			buildConfigurationList = EC8FB6C92175C8B7002A9669 /* Build configuration list for PBXProject "TCPIPJUAN2" */;
			compatibilityVersion = "Xcode 9.3";
			developmentRegion = en;
			hasScannedForEncodings = 0;
			knownRegions = (
				en,
			);
			mainGroup = EC8FB6C52175C8B7002A9669;
			productRefGroup = EC8FB6CF2175C8B7002A9669 /* Products */;
			projectDirPath = "";
			projectRoot = "";
			targets = (
				EC8FB6CD2175C8B7002A9669 /* TCPIPJUAN2 */,
			);
		};
/* End PBXProject section */

/* Begin PBXSourcesBuildPhase section */
		EC8FB6CA2175C8B7002A9669 /* Sources */ = {
			isa = PBXSourcesBuildPhase;
			buildActionMask = 2147483647;
			files = (
				EC7F31022176D66100BB6345 /* unixclient.c in Sources */,
				EC7F311721773F5300BB6345 /* ttcpcli.c in Sources */,
				EC07408F21783DAF00D8687B /* IPBianZhi.c in Sources */,
				EC7F31112177365300BB6345 /* tcpserv.c in Sources */,
				EC7F31082176D7F800BB6345 /* err_debug.c in Sources */,
				EC7F31052176D6EC00BB6345 /* cliserv.c in Sources */,
				EC8FB6E02175CF1D002A9669 /* test.c in Sources */,
				EC8FB6D22175C8B7002A9669 /* main.c in Sources */,
				EC7F311A217744D300BB6345 /* udpcli.c in Sources */,
				EC7F310E217733BF00BB6345 /* tcpcli.c in Sources */,
				EC8FB6DD2175C8F9002A9669 /* tcp_subr.c in Sources */,
				EC7F311421773F4100BB6345 /* ttcpserv.c in Sources */,
				EC0740922178417900D8687B /* socketprogram.c in Sources */,
			);
			runOnlyForDeploymentPostprocessing = 0;
		};
/* End PBXSourcesBuildPhase section */

/* Begin XCBuildConfiguration section */
		EC8FB6D32175C8B7002A9669 /* Debug */ = {
			isa = XCBuildConfiguration;
			buildSettings = {
				ALWAYS_SEARCH_USER_PATHS = NO;
				CLANG_ANALYZER_NONNULL = YES;
				CLANG_ANALYZER_NUMBER_OBJECT_CONVERSION = YES_AGGRESSIVE;
				CLANG_CXX_LANGUAGE_STANDARD = "gnu++14";
				CLANG_CXX_LIBRARY = "libc++";
				CLANG_ENABLE_MODULES = YES;
				CLANG_ENABLE_OBJC_ARC = YES;
				CLANG_ENABLE_OBJC_WEAK = YES;
				CLANG_WARN_BLOCK_CAPTURE_AUTORELEASING = YES;
				CLANG_WARN_BOOL_CONVERSION = YES;
				CLANG_WARN_COMMA = YES;
				CLANG_WARN_CONSTANT_CONVERSION = YES;
				CLANG_WARN_DEPRECATED_OBJC_IMPLEMENTATIONS = YES;
				CLANG_WARN_DIRECT_OBJC_ISA_USAGE = YES_ERROR;
				CLANG_WARN_DOCUMENTATION_COMMENTS = YES;
				CLANG_WARN_EMPTY_BODY = YES;
				CLANG_WARN_ENUM_CONVERSION = YES;
				CLANG_WARN_INFINITE_RECURSION = YES;
				CLANG_WARN_INT_CONVERSION = YES;
				CLANG_WARN_NON_LITERAL_NULL_CONVERSION = YES;
				CLANG_WARN_OBJC_IMPLICIT_RETAIN_SELF = YES;
				CLANG_WARN_OBJC_LITERAL_CONVERSION = YES;
				CLANG_WARN_OBJC_ROOT_CLASS = YES_ERROR;
				CLANG_WARN_RANGE_LOOP_ANALYSIS = YES;
				CLANG_WARN_STRICT_PROTOTYPES = YES;
				CLANG_WARN_SUSPICIOUS_MOVE = YES;
				CLANG_WARN_UNGUARDED_AVAILABILITY = YES_AGGRESSIVE;
				CLANG_WARN_UNREACHABLE_CODE = YES;
				CLANG_WARN__DUPLICATE_METHOD_MATCH = YES;
				CODE_SIGN_IDENTITY = "Mac Developer";
				COPY_PHASE_STRIP = NO;
				DEBUG_INFORMATION_FORMAT = dwarf;
				ENABLE_STRICT_OBJC_MSGSEND = YES;
				ENABLE_TESTABILITY = YES;
				GCC_C_LANGUAGE_STANDARD = gnu11;
				GCC_DYNAMIC_NO_PIC = NO;
				GCC_NO_COMMON_BLOCKS = YES;
				GCC_OPTIMIZATION_LEVEL = 0;
				GCC_PREPROCESSOR_DEFINITIONS = (
					"DEBUG=1",
					"$(inherited)",
				);
				GCC_WARN_64_TO_32_BIT_CONVERSION = YES;
				GCC_WARN_ABOUT_RETURN_TYPE = YES_ERROR;
				GCC_WARN_UNDECLARED_SELECTOR = YES;
				GCC_WARN_UNINITIALIZED_AUTOS = YES_AGGRESSIVE;
				GCC_WARN_UNUSED_FUNCTION = YES;
				GCC_WARN_UNUSED_VARIABLE = YES;
				MACOSX_DEPLOYMENT_TARGET = 10.13;
				MTL_ENABLE_DEBUG_INFO = INCLUDE_SOURCE;
				MTL_FAST_MATH = YES;
				ONLY_ACTIVE_ARCH = YES;
				SDKROOT = macosx;
			};
			name = Debug;
		};
		EC8FB6D42175C8B7002A9669 /* Release */ = {
			isa = XCBuildConfiguration;
			buildSettings = {
				ALWAYS_SEARCH_USER_PATHS = NO;
				CLANG_ANALYZER_NONNULL = YES;
				CLANG_ANALYZER_NUMBER_OBJECT_CONVERSION = YES_AGGRESSIVE;
				CLANG_CXX_LANGUAGE_STANDARD = "gnu++14";
				CLANG_CXX_LIBRARY = "libc++";
				CLANG_ENABLE_MODULES = YES;
				CLANG_ENABLE_OBJC_ARC = YES;
				CLANG_ENABLE_OBJC_WEAK = YES;
				CLANG_WARN_BLOCK_CAPTURE_AUTORELEASING = YES;
				CLANG_WARN_BOOL_CONVERSION = YES;
				CLANG_WARN_COMMA = YES;
				CLANG_WARN_CONSTANT_CONVERSION = YES;
				CLANG_WARN_DEPRECATED_OBJC_IMPLEMENTATIONS = YES;
				CLANG_WARN_DIRECT_OBJC_ISA_USAGE = YES_ERROR;
				CLANG_WARN_DOCUMENTATION_COMMENTS = YES;
				CLANG_WARN_EMPTY_BODY = YES;
				CLANG_WARN_ENUM_CONVERSION = YES;
				CLANG_WARN_INFINITE_RECURSION = YES;
				CLANG_WARN_INT_CONVERSION = YES;
				CLANG_WARN_NON_LITERAL_NULL_CONVERSION = YES;
				CLANG_WARN_OBJC_IMPLICIT_RETAIN_SELF = YES;
				CLANG_WARN_OBJC_LITERAL_CONVERSION = YES;
				CLANG_WARN_OBJC_ROOT_CLASS = YES_ERROR;
				CLANG_WARN_RANGE_LOOP_ANALYSIS = YES;
				CLANG_WARN_STRICT_PROTOTYPES = YES;
				CLANG_WARN_SUSPICIOUS_MOVE = YES;
				CLANG_WARN_UNGUARDED_AVAILABILITY = YES_AGGRESSIVE;
				CLANG_WARN_UNREACHABLE_CODE = YES;
				CLANG_WARN__DUPLICATE_METHOD_MATCH = YES;
				CODE_SIGN_IDENTITY = "Mac Developer";
				COPY_PHASE_STRIP = NO;
				DEBUG_INFORMATION_FORMAT = "dwarf-with-dsym";
				ENABLE_NS_ASSERTIONS = NO;
				ENABLE_STRICT_OBJC_MSGSEND = YES;
				GCC_C_LANGUAGE_STANDARD = gnu11;
				GCC_NO_COMMON_BLOCKS = YES;
				GCC_WARN_64_TO_32_BIT_CONVERSION = YES;
				GCC_WARN_ABOUT_RETURN_TYPE = YES_ERROR;
				GCC_WARN_UNDECLARED_SELECTOR = YES;
				GCC_WARN_UNINITIALIZED_AUTOS = YES_AGGRESSIVE;
				GCC_WARN_UNUSED_FUNCTION = YES;
				GCC_WARN_UNUSED_VARIABLE = YES;
				MACOSX_DEPLOYMENT_TARGET = 10.13;
				MTL_ENABLE_DEBUG_INFO = NO;
				MTL_FAST_MATH = YES;
				SDKROOT = macosx;
			};
			name = Release;
		};
		EC8FB6D62175C8B7002A9669 /* Debug */ = {
			isa = XCBuildConfiguration;
			buildSettings = {
				CODE_SIGN_STYLE = Automatic;
				DEVELOPMENT_TEAM = 58W4HKZ65K;
				PRODUCT_NAME = "$(TARGET_NAME)";
			};
			name = Debug;
		};
		EC8FB6D72175C8B7002A9669 /* Release */ = {
			isa = XCBuildConfiguration;
			buildSettings = {
				CODE_SIGN_STYLE = Automatic;
				DEVELOPMENT_TEAM = 58W4HKZ65K;
				PRODUCT_NAME = "$(TARGET_NAME)";
			};
			name = Release;
		};
/* End XCBuildConfiguration section */

/* Begin XCConfigurationList section */
		EC8FB6C92175C8B7002A9669 /* Build configuration list for PBXProject "TCPIPJUAN2" */ = {
			isa = XCConfigurationList;
			buildConfigurations = (
				EC8FB6D32175C8B7002A9669 /* Debug */,
				EC8FB6D42175C8B7002A9669 /* Release */,
			);
			defaultConfigurationIsVisible = 0;
			defaultConfigurationName = Release;
		};
		EC8FB6D52175C8B7002A9669 /* Build configuration list for PBXNativeTarget "TCPIPJUAN2" */ = {
			isa = XCConfigurationList;
			buildConfigurations = (
				EC8FB6D62175C8B7002A9669 /* Debug */,
				EC8FB6D72175C8B7002A9669 /* Release */,
			);
			defaultConfigurationIsVisible = 0;
			defaultConfigurationName = Release;
		};
/* End XCConfigurationList section */
	};
	rootObject = EC8FB6C62175C8B7002A9669 /* Project object */;
}
